
Microsoft Visual Studio Solution File, Format Version 12.00
# Visual Studio Version 17
VisualStudioVersion = 17.11.35327.3
MinimumVisualStudioVersion = 10.0.40219.1
Project("{FAE04EC0-301F-11D3-BF4B-00C04F79EFBC}") = "GPA-CALCULATOR", "GPA-CALCULATOR\GPA-CALCULATOR.csproj", "{581FA7F8-C159-40BC-8A29-49368B3B7051}"
EndProject
Global
	GlobalSection(SolutionConfigurationPlatforms) = preSolution
		Debug|Any CPU = Debug|Any CPU
		Release|Any CPU = Release|Any CPU
	EndGlobalSection
	GlobalSection(ProjectConfigurationPlatforms) = postSolution
		{581FA7F8-C159-40BC-8A29-49368B3B7051}.Debug|Any CPU.ActiveCfg = Debug|Any CPU
		{581FA7F8-C159-40BC-8A29-49368B3B7051}.Debug|Any CPU.Build.0 = Debug|Any CPU
		{581FA7F8-C159-40BC-8A29-49368B3B7051}.Release|Any CPU.ActiveCfg = Release|Any CPU
		{581FA7F8-C159-40BC-8A29-49368B3B7051}.Release|Any CPU.Build.0 = Release|Any CPU
	EndGlobalSection
	GlobalSection(SolutionProperties) = preSolution
		HideSolutionNode = FALSE
	EndGlobalSection
	GlobalSection(ExtensibilityGlobals) = postSolution
		SolutionGuid = {F8B86483-9F12-40AE-8DEB-E76D3AE2BB5E}
	EndGlobalSection
EndGlobal
